
Microsoft Visual Studio Solution File, Format Version 12.00
# Visual Studio 15
VisualStudioVersion = 15.0.27703.1
MinimumVisualStudioVersion = 10.0.40219.1
Project("{FAE04EC0-301F-11D3-BF4B-00C04F79EFBC}") = "ClassLibrary1", "ClassLibrary1\ClassLibrary1.csproj", "{38A5E4F0-65D2-4075-B90B-B21D2CD9E316}"
EndProject
Project("{FAE04EC0-301F-11D3-BF4B-00C04F79EFBC}") = "ClassLibrary2", "ClassLibrary2\ClassLibrary2.csproj", "{0E6AE134-D4D9-4515-8B43-553DE5CCC126}"
EndProject
Project("{FAE04EC0-301F-11D3-BF4B-00C04F79EFBC}") = "ClassLibrary3", "ClassLibrary3\ClassLibrary3.csproj", "{D451173F-F4F4-4825-87F6-B67D62388CB4}"
EndProject
Global
	GlobalSection(SolutionConfigurationPlatforms) = preSolution
		Debug|Any CPU = Debug|Any CPU
		Release|Any CPU = Release|Any CPU
	EndGlobalSection
	GlobalSection(ProjectConfigurationPlatforms) = postSolution
		{38A5E4F0-65D2-4075-B90B-B21D2CD9E316}.Debug|Any CPU.ActiveCfg = Debug|Any CPU
		{38A5E4F0-65D2-4075-B90B-B21D2CD9E316}.Debug|Any CPU.Build.0 = Debug|Any CPU
		{38A5E4F0-65D2-4075-B90B-B21D2CD9E316}.Release|Any CPU.ActiveCfg = Release|Any CPU
		{38A5E4F0-65D2-4075-B90B-B21D2CD9E316}.Release|Any CPU.Build.0 = Release|Any CPU
		{0E6AE134-D4D9-4515-8B43-553DE5CCC126}.Debug|Any CPU.ActiveCfg = Debug|Any CPU
		{0E6AE134-D4D9-4515-8B43-553DE5CCC126}.Debug|Any CPU.Build.0 = Debug|Any CPU
		{0E6AE134-D4D9-4515-8B43-553DE5CCC126}.Release|Any CPU.ActiveCfg = Release|Any CPU
		{0E6AE134-D4D9-4515-8B43-553DE5CCC126}.Release|Any CPU.Build.0 = Release|Any CPU
		{D451173F-F4F4-4825-87F6-B67D62388CB4}.Debug|Any CPU.ActiveCfg = Debug|Any CPU
		{D451173F-F4F4-4825-87F6-B67D62388CB4}.Debug|Any CPU.Build.0 = Debug|Any CPU
		{D451173F-F4F4-4825-87F6-B67D62388CB4}.Release|Any CPU.ActiveCfg = Release|Any CPU
		{D451173F-F4F4-4825-87F6-B67D62388CB4}.Release|Any CPU.Build.0 = Release|Any CPU
	EndGlobalSection
	GlobalSection(SolutionProperties) = preSolution
		HideSolutionNode = FALSE
	EndGlobalSection
	GlobalSection(ExtensibilityGlobals) = postSolution
		SolutionGuid = {DF446726-2883-4B90-A703-9229845B113B}
	EndGlobalSection
EndGlobal
